
Microsoft Visual Studio Solution File, Format Version 12.00
# Visual Studio Version 17
VisualStudioVersion = 17.4.33213.308
MinimumVisualStudioVersion = 10.0.40219.1
Project("{FAE04EC0-301F-11D3-BF4B-00C04F79EFBC}") = "Szyfrowanie4", "Szyfrowanie4\Szyfrowanie4.csproj", "{2C87C300-29F2-4573-AEB2-305B7FE9A945}"
EndProject
Global
	GlobalSection(SolutionConfigurationPlatforms) = preSolution
		Debug|Any CPU = Debug|Any CPU
		Release|Any CPU = Release|Any CPU
	EndGlobalSection
	GlobalSection(ProjectConfigurationPlatforms) = postSolution
		{2C87C300-29F2-4573-AEB2-305B7FE9A945}.Debug|Any CPU.ActiveCfg = Debug|Any CPU
		{2C87C300-29F2-4573-AEB2-305B7FE9A945}.Debug|Any CPU.Build.0 = Debug|Any CPU
		{2C87C300-29F2-4573-AEB2-305B7FE9A945}.Release|Any CPU.ActiveCfg = Release|Any CPU
		{2C87C300-29F2-4573-AEB2-305B7FE9A945}.Release|Any CPU.Build.0 = Release|Any CPU
	EndGlobalSection
	GlobalSection(SolutionProperties) = preSolution
		HideSolutionNode = FALSE
	EndGlobalSection
	GlobalSection(ExtensibilityGlobals) = postSolution
		SolutionGuid = {9E544087-9D5F-4D04-81E1-588A68194294}
	EndGlobalSection
EndGlobal
